// !$*UTF8*$!
{
	archiveVersion = 1;
	classes = {
	};
	objectVersion = 56;
	objects = {

/* Begin PBXBuildFile section */
		8D1F4A2C2C9E5B4300A1B2C3 /* BottleKeeperApp.swift in Sources */ = {isa = PBXBuildFile; fileRef = 8D1F4A2B2C9E5B4300A1B2C3 /* BottleKeeperApp.swift */; };
		8D1F4A2E2C9E5B4300A1B2C3 /* ContentView.swift in Sources */ = {isa = PBXBuildFile; fileRef = 8D1F4A2D2C9E5B4300A1B2C3 /* ContentView.swift */; };
		8D1F4A302C9E5B4400A1B2C3 /* Assets.xcassets in Resources */ = {isa = PBXBuildFile; fileRef = 8D1F4A2F2C9E5B4400A1B2C3 /* Assets.xcassets */; };
		8D1F4A332C9E5B4400A1B2C3 /* Preview Assets.xcassets in Resources */ = {isa = PBXBuildFile; fileRef = 8D1F4A322C9E5B4400A1B2C3 /* Preview Assets.xcassets */; };
		8D1F4A3B2C9E5B6000A1B2C3 /* CoreDataManager.swift in Sources */ = {isa = PBXBuildFile; fileRef = 8D1F4A3A2C9E5B6000A1B2C3 /* CoreDataManager.swift */; };
		8D1F4A3E2C9E5B7000A1B2C3 /* BottleKeeper.xcdatamodeld in Sources */ = {isa = PBXBuildFile; fileRef = 8D1F4A3C2C9E5B7000A1B2C3 /* BottleKeeper.xcdatamodeld */; };
		8D1F4A4A2C9E5C0000A1B2C3 /* BottleListView.swift in Sources */ = {isa = PBXBuildFile; fileRef = 8D1F4A492C9E5C0000A1B2C3 /* BottleListView.swift */; };
		8D1F4A4C2C9E5C1000A1B2C3 /* BottleDetailView.swift in Sources */ = {isa = PBXBuildFile; fileRef = 8D1F4A4B2C9E5C1000A1B2C3 /* BottleDetailView.swift */; };
		8D1F4A4E2C9E5C2000A1B2C3 /* BottleFormView.swift in Sources */ = {isa = PBXBuildFile; fileRef = 8D1F4A4D2C9E5C2000A1B2C3 /* BottleFormView.swift */; };
		8D1F4A502C9E5C3000A1B2C3 /* WishlistView.swift in Sources */ = {isa = PBXBuildFile; fileRef = 8D1F4A4F2C9E5C3000A1B2C3 /* WishlistView.swift */; };
		C1AE8AA2C6724DE7BC90072E /* WishlistFormView.swift in Sources */ = {isa = PBXBuildFile; fileRef = E5A85421238E45C5933ED516 /* WishlistFormView.swift */; };
		8D1F4A522C9E5C4000A1B2C3 /* StatisticsView.swift in Sources */ = {isa = PBXBuildFile; fileRef = 8D1F4A512C9E5C4000A1B2C3 /* StatisticsView.swift */; };
		8D1F4A542C9E5C5000A1B2C3 /* SettingsView.swift in Sources */ = {isa = PBXBuildFile; fileRef = 8D1F4A532C9E5C5000A1B2C3 /* SettingsView.swift */; };
		8D1F4A562C9E5C6000A1B2C3 /* RemainingVolumeUpdateView.swift in Sources */ = {isa = PBXBuildFile; fileRef = 8D1F4A552C9E5C6000A1B2C3 /* RemainingVolumeUpdateView.swift */; };
		8D1F4A582C9E5C7000A1B2C3 /* Bottle+CoreDataClass.swift in Sources */ = {isa = PBXBuildFile; fileRef = 8D1F4A572C9E5C7000A1B2C3 /* Bottle+CoreDataClass.swift */; };
		8D1F4A5A2C9E5C8000A1B2C3 /* Bottle+CoreDataProperties.swift in Sources */ = {isa = PBXBuildFile; fileRef = 8D1F4A592C9E5C8000A1B2C3 /* Bottle+CoreDataProperties.swift */; };
		8D1F4A5C2C9E5C9000A1B2C3 /* BottlePhoto+CoreDataClass.swift in Sources */ = {isa = PBXBuildFile; fileRef = 8D1F4A5B2C9E5C9000A1B2C3 /* BottlePhoto+CoreDataClass.swift */; };
		8D1F4A5E2C9E5CA000A1B2C3 /* BottlePhoto+CoreDataProperties.swift in Sources */ = {isa = PBXBuildFile; fileRef = 8D1F4A5D2C9E5CA000A1B2C3 /* BottlePhoto+CoreDataProperties.swift */; };
		8D1F4A602C9E5CB000A1B2C3 /* WishlistItem+CoreDataClass.swift in Sources */ = {isa = PBXBuildFile; fileRef = 8D1F4A5F2C9E5CB000A1B2C3 /* WishlistItem+CoreDataClass.swift */; };
		8D1F4A622C9E5CC000A1B2C3 /* WishlistItem+CoreDataProperties.swift in Sources */ = {isa = PBXBuildFile; fileRef = 8D1F4A612C9E5CC000A1B2C3 /* WishlistItem+CoreDataProperties.swift */; };
		77ACCD648CB14F19AC14AD23D3DF6EEE /* MotionManager.swift in Sources */ = {isa = PBXBuildFile; fileRef = CAF1156F3D16406EAE6E3F48FFB47AE9 /* MotionManager.swift */; };
		33D46C7849EC49A6BA9E00050FDC678F /* DrinkingLog+CoreDataClass.swift in Sources */ = {isa = PBXBuildFile; fileRef = D1059BDF4E3E44FEA667549B441394C5 /* DrinkingLog+CoreDataClass.swift */; };
		3ABAC80EE96C4C6B918CC803E623CB3E /* DrinkingLog+CoreDataProperties.swift in Sources */ = {isa = PBXBuildFile; fileRef = 1A612FE11DBB4DFAB0253B89307CB65A /* DrinkingLog+CoreDataProperties.swift */; };
		C319342AFC214307842C30CC6F794CCC /* PhotoManager.swift in Sources */ = {isa = PBXBuildFile; fileRef = 4AE924202E254E3F855380397BE0ACDD /* PhotoManager.swift */; };
		54F9416C40AA45AA91E48D13528D1BC4 /* ImagePicker.swift in Sources */ = {isa = PBXBuildFile; fileRef = 06ED3AE94669412C9716E9609F71A09F /* ImagePicker.swift */; };
		17112F4BB5204B9193BF6DD65154D717 /* DrinkingLogFormView.swift in Sources */ = {isa = PBXBuildFile; fileRef = D4E6937648A847AFA2E8101D9B712AA7 /* DrinkingLogFormView.swift */; };
		BB1321E444A44307BEAA116F /* ImageCache.swift in Sources */ = {isa = PBXBuildFile; fileRef = 5F4720B123464CF38839432E /* ImageCache.swift */; };
		A06EA9C7D342493180ADB50B /* NotificationManager.swift in Sources */ = {isa = PBXBuildFile; fileRef = 7999F94528DB4234BD633DF4 /* NotificationManager.swift */; };
		8A8B9E47D5794E3A9104E1B4 /* TastingNoteFormView.swift in Sources */ = {isa = PBXBuildFile; fileRef = EAD8DD6C9BAF4460B4F66478 /* TastingNoteFormView.swift */; };
		458B58D28F21421B98B68649 /* NotificationSettingsView.swift in Sources */ = {isa = PBXBuildFile; fileRef = ACE32BE46B6449E6AAA3101E /* NotificationSettingsView.swift */; };
		4AA0979B03BC46A68B34B8FF /* StarRatingView.swift in Sources */ = {isa = PBXBuildFile; fileRef = CFC252B6D3014A29855FADC4 /* StarRatingView.swift */; };
		5DB82EC2C13B40C29E66948C /* AppColors.swift in Sources */ = {isa = PBXBuildFile; fileRef = DCC082850CD34DBA9A6347DB /* AppColors.swift */; };
		1033A19CF2C348F593A2030B /* UserDefaultsKeys.swift in Sources */ = {isa = PBXBuildFile; fileRef = E48E2D5D3CA8418C818D2AFE /* UserDefaultsKeys.swift */; };
		57EC6182BF8A46E6A2B4B57F /* ViewExtensions+Glass.swift in Sources */ = {isa = PBXBuildFile; fileRef = D5285EC9B6D4419793D736CF /* ViewExtensions+Glass.swift */; };
		A1B2C3D4E5F6789012345601 /* UserDefaults+App.swift in Sources */ = {isa = PBXBuildFile; fileRef = A1B2C3D4E5F6789012345611 /* UserDefaults+App.swift */; };
		A1B2C3D4E5F6789012345602 /* DrinkingLogService.swift in Sources */ = {isa = PBXBuildFile; fileRef = A1B2C3D4E5F6789012345612 /* DrinkingLogService.swift */; };
		A1B2C3D4E5F6789012345603 /* Filterable.swift in Sources */ = {isa = PBXBuildFile; fileRef = A1B2C3D4E5F6789012345613 /* Filterable.swift */; };
		A1B2C3D4E5F6789012345604 /* BottleShapes.swift in Sources */ = {isa = PBXBuildFile; fileRef = A1B2C3D4E5F6789012345614 /* BottleShapes.swift */; };
		A1B2C3D4E5F6789012345605 /* BottleRowView.swift in Sources */ = {isa = PBXBuildFile; fileRef = A1B2C3D4E5F6789012345615 /* BottleRowView.swift */; };
		A1B2C3D4E5F6789012345606 /* QuickUpdateView.swift in Sources */ = {isa = PBXBuildFile; fileRef = A1B2C3D4E5F6789012345616 /* QuickUpdateView.swift */; };
		A1B2C3D4E5F6789012345607 /* StatisticsComponents.swift in Sources */ = {isa = PBXBuildFile; fileRef = A1B2C3D4E5F6789012345617 /* StatisticsComponents.swift */; };
		A1B2C3D4E5F6789012345608 /* SettingsViewModel.swift in Sources */ = {isa = PBXBuildFile; fileRef = A1B2C3D4E5F6789012345618 /* SettingsViewModel.swift */; };
		A1B2C3D4E5F6789012345609 /* SettingsComponents.swift in Sources */ = {isa = PBXBuildFile; fileRef = A1B2C3D4E5F6789012345619 /* SettingsComponents.swift */; };
		A1B2C3D4E5F6789012345620 /* StatisticsViewModel.swift in Sources */ = {isa = PBXBuildFile; fileRef = A1B2C3D4E5F6789012345621 /* StatisticsViewModel.swift */; };
		A1B2C3D4E5F6789012345622 /* BottleListViewModel.swift in Sources */ = {isa = PBXBuildFile; fileRef = A1B2C3D4E5F6789012345623 /* BottleListViewModel.swift */; };
		B1B2C3D4E5F6789012345630 /* BottleKeeperTests.swift in Sources */ = {isa = PBXBuildFile; fileRef = B1B2C3D4E5F6789012345631 /* BottleKeeperTests.swift */; };
		B1B2C3D4E5F6789012345632 /* DrinkingLogServiceTests.swift in Sources */ = {isa = PBXBuildFile; fileRef = B1B2C3D4E5F6789012345633 /* DrinkingLogServiceTests.swift */; };
		B1B2C3D4E5F6789012345634 /* StatisticsViewModelTests.swift in Sources */ = {isa = PBXBuildFile; fileRef = B1B2C3D4E5F6789012345635 /* StatisticsViewModelTests.swift */; };
		B1B2C3D4E5F6789012345670 /* BottleListViewModelTests.swift in Sources */ = {isa = PBXBuildFile; fileRef = B1B2C3D4E5F6789012345671 /* BottleListViewModelTests.swift */; };
		B1B2C3D4E5F6789012345672 /* SettingsViewModelTests.swift in Sources */ = {isa = PBXBuildFile; fileRef = B1B2C3D4E5F6789012345673 /* SettingsViewModelTests.swift */; };
/* End PBXBuildFile section */

/* Begin PBXContainerItemProxy section */
		B1B2C3D4E5F6789012345650 /* PBXContainerItemProxy */ = {
			isa = PBXContainerItemProxy;
			containerPortal = 8D1F4A202C9E5B4300A1B2C3 /* Project object */;
			proxyType = 1;
			remoteGlobalIDString = 8D1F4A272C9E5B4300A1B2C3;
			remoteInfo = BottleKeeper;
		};
/* End PBXContainerItemProxy section */

/* Begin PBXFileReference section */
		8D1F4A282C9E5B4300A1B2C3 /* BottleKeeper.app */ = {isa = PBXFileReference; explicitFileType = wrapper.application; includeInIndex = 0; path = BottleKeeper.app; sourceTree = BUILT_PRODUCTS_DIR; };
		8D1F4A2B2C9E5B4300A1B2C3 /* BottleKeeperApp.swift */ = {isa = PBXFileReference; lastKnownFileType = sourcecode.swift; path = BottleKeeperApp.swift; sourceTree = "<group>"; };
		8D1F4A2D2C9E5B4300A1B2C3 /* ContentView.swift */ = {isa = PBXFileReference; lastKnownFileType = sourcecode.swift; path = ContentView.swift; sourceTree = "<group>"; };
		8D1F4A2F2C9E5B4400A1B2C3 /* Assets.xcassets */ = {isa = PBXFileReference; lastKnownFileType = folder.assetcatalog; path = Assets.xcassets; sourceTree = "<group>"; };
		8D1F4A322C9E5B4400A1B2C3 /* Preview Assets.xcassets */ = {isa = PBXFileReference; lastKnownFileType = folder.assetcatalog; path = "Preview Assets.xcassets"; sourceTree = "<group>"; };
		8D1F4A3A2C9E5B6000A1B2C3 /* CoreDataManager.swift */ = {isa = PBXFileReference; lastKnownFileType = sourcecode.swift; path = CoreDataManager.swift; sourceTree = "<group>"; };
		8D1F4A3D2C9E5B7000A1B2C3 /* BottleKeeper.xcdatamodel */ = {isa = PBXFileReference; lastKnownFileType = wrapper.xcdatamodel; path = BottleKeeper.xcdatamodel; sourceTree = "<group>"; };
		8D1F4A492C9E5C0000A1B2C3 /* BottleListView.swift */ = {isa = PBXFileReference; lastKnownFileType = sourcecode.swift; path = BottleListView.swift; sourceTree = "<group>"; };
		8D1F4A4B2C9E5C1000A1B2C3 /* BottleDetailView.swift */ = {isa = PBXFileReference; lastKnownFileType = sourcecode.swift; path = BottleDetailView.swift; sourceTree = "<group>"; };
		8D1F4A4D2C9E5C2000A1B2C3 /* BottleFormView.swift */ = {isa = PBXFileReference; lastKnownFileType = sourcecode.swift; path = BottleFormView.swift; sourceTree = "<group>"; };
		8D1F4A4F2C9E5C3000A1B2C3 /* WishlistView.swift */ = {isa = PBXFileReference; lastKnownFileType = sourcecode.swift; path = WishlistView.swift; sourceTree = "<group>"; };
		E5A85421238E45C5933ED516 /* WishlistFormView.swift */ = {isa = PBXFileReference; lastKnownFileType = sourcecode.swift; path = WishlistFormView.swift; sourceTree = "<group>"; };
		8D1F4A512C9E5C4000A1B2C3 /* StatisticsView.swift */ = {isa = PBXFileReference; lastKnownFileType = sourcecode.swift; path = StatisticsView.swift; sourceTree = "<group>"; };
		8D1F4A532C9E5C5000A1B2C3 /* SettingsView.swift */ = {isa = PBXFileReference; lastKnownFileType = sourcecode.swift; path = SettingsView.swift; sourceTree = "<group>"; };
		8D1F4A552C9E5C6000A1B2C3 /* RemainingVolumeUpdateView.swift */ = {isa = PBXFileReference; lastKnownFileType = sourcecode.swift; path = RemainingVolumeUpdateView.swift; sourceTree = "<group>"; };
		8D1F4A572C9E5C7000A1B2C3 /* Bottle+CoreDataClass.swift */ = {isa = PBXFileReference; lastKnownFileType = sourcecode.swift; path = "Bottle+CoreDataClass.swift"; sourceTree = "<group>"; };
		8D1F4A592C9E5C8000A1B2C3 /* Bottle+CoreDataProperties.swift */ = {isa = PBXFileReference; lastKnownFileType = sourcecode.swift; path = "Bottle+CoreDataProperties.swift"; sourceTree = "<group>"; };
		8D1F4A5B2C9E5C9000A1B2C3 /* BottlePhoto+CoreDataClass.swift */ = {isa = PBXFileReference; lastKnownFileType = sourcecode.swift; path = "BottlePhoto+CoreDataClass.swift"; sourceTree = "<group>"; };
		8D1F4A5D2C9E5CA000A1B2C3 /* BottlePhoto+CoreDataProperties.swift */ = {isa = PBXFileReference; lastKnownFileType = sourcecode.swift; path = "BottlePhoto+CoreDataProperties.swift"; sourceTree = "<group>"; };
		8D1F4A5F2C9E5CB000A1B2C3 /* WishlistItem+CoreDataClass.swift */ = {isa = PBXFileReference; lastKnownFileType = sourcecode.swift; path = "WishlistItem+CoreDataClass.swift"; sourceTree = "<group>"; };
		8D1F4A612C9E5CC000A1B2C3 /* WishlistItem+CoreDataProperties.swift */ = {isa = PBXFileReference; lastKnownFileType = sourcecode.swift; path = "WishlistItem+CoreDataProperties.swift"; sourceTree = "<group>"; };
		D1059BDF4E3E44FEA667549B441394C5 /* DrinkingLog+CoreDataClass.swift */ = {isa = PBXFileReference; lastKnownFileType = sourcecode.swift; path = "DrinkingLog+CoreDataClass.swift"; sourceTree = "<group>"; };
		1A612FE11DBB4DFAB0253B89307CB65A /* DrinkingLog+CoreDataProperties.swift */ = {isa = PBXFileReference; lastKnownFileType = sourcecode.swift; path = "DrinkingLog+CoreDataProperties.swift"; sourceTree = "<group>"; };
		8D1F4A632C9E5CD000A1B2C3 /* Info.plist */ = {isa = PBXFileReference; lastKnownFileType = text.plist.xml; path = Info.plist; sourceTree = "<group>"; };
		CAF1156F3D16406EAE6E3F48FFB47AE9 /* MotionManager.swift */ = {isa = PBXFileReference; lastKnownFileType = sourcecode.swift; path = MotionManager.swift; sourceTree = "<group>"; };
		4AE924202E254E3F855380397BE0ACDD /* PhotoManager.swift */ = {isa = PBXFileReference; lastKnownFileType = sourcecode.swift; path = PhotoManager.swift; sourceTree = "<group>"; };
		06ED3AE94669412C9716E9609F71A09F /* ImagePicker.swift */ = {isa = PBXFileReference; lastKnownFileType = sourcecode.swift; path = ImagePicker.swift; sourceTree = "<group>"; };
		D4E6937648A847AFA2E8101D9B712AA7 /* DrinkingLogFormView.swift */ = {isa = PBXFileReference; lastKnownFileType = sourcecode.swift; path = DrinkingLogFormView.swift; sourceTree = "<group>"; };
		5F4720B123464CF38839432E /* ImageCache.swift */ = {isa = PBXFileReference; lastKnownFileType = sourcecode.swift; path = ImageCache.swift; sourceTree = "<group>"; };
		7999F94528DB4234BD633DF4 /* NotificationManager.swift */ = {isa = PBXFileReference; lastKnownFileType = sourcecode.swift; path = NotificationManager.swift; sourceTree = "<group>"; };
		EAD8DD6C9BAF4460B4F66478 /* TastingNoteFormView.swift */ = {isa = PBXFileReference; lastKnownFileType = sourcecode.swift; path = TastingNoteFormView.swift; sourceTree = "<group>"; };
		ACE32BE46B6449E6AAA3101E /* NotificationSettingsView.swift */ = {isa = PBXFileReference; lastKnownFileType = sourcecode.swift; path = NotificationSettingsView.swift; sourceTree = "<group>"; };
		CFC252B6D3014A29855FADC4 /* StarRatingView.swift */ = {isa = PBXFileReference; lastKnownFileType = sourcecode.swift; path = StarRatingView.swift; sourceTree = "<group>"; };
		DCC082850CD34DBA9A6347DB /* AppColors.swift */ = {isa = PBXFileReference; lastKnownFileType = sourcecode.swift; path = AppColors.swift; sourceTree = "<group>"; };
		E48E2D5D3CA8418C818D2AFE /* UserDefaultsKeys.swift */ = {isa = PBXFileReference; lastKnownFileType = sourcecode.swift; path = UserDefaultsKeys.swift; sourceTree = "<group>"; };
		3F5AA5F05B074B40A0A01B70 /* BottleKeeper.entitlements */ = {isa = PBXFileReference; lastKnownFileType = text.plist.entitlements; path = BottleKeeper.entitlements; sourceTree = "<group>"; };
		9FC95E3D18574326A6264450 /* BottleKeeper.entitlements */ = {isa = PBXFileReference; lastKnownFileType = text.plist.entitlements; path = BottleKeeper.entitlements; sourceTree = "<group>"; };
		D5285EC9B6D4419793D736CF /* ViewExtensions+Glass.swift */ = {isa = PBXFileReference; lastKnownFileType = sourcecode.swift; path = "ViewExtensions+Glass.swift"; sourceTree = "<group>"; };
		A1B2C3D4E5F6789012345611 /* UserDefaults+App.swift */ = {isa = PBXFileReference; lastKnownFileType = sourcecode.swift; path = "UserDefaults+App.swift"; sourceTree = "<group>"; };
		A1B2C3D4E5F6789012345612 /* DrinkingLogService.swift */ = {isa = PBXFileReference; lastKnownFileType = sourcecode.swift; path = DrinkingLogService.swift; sourceTree = "<group>"; };
		A1B2C3D4E5F6789012345613 /* Filterable.swift */ = {isa = PBXFileReference; lastKnownFileType = sourcecode.swift; path = Filterable.swift; sourceTree = "<group>"; };
		A1B2C3D4E5F6789012345614 /* BottleShapes.swift */ = {isa = PBXFileReference; lastKnownFileType = sourcecode.swift; path = BottleShapes.swift; sourceTree = "<group>"; };
		A1B2C3D4E5F6789012345615 /* BottleRowView.swift */ = {isa = PBXFileReference; lastKnownFileType = sourcecode.swift; path = BottleRowView.swift; sourceTree = "<group>"; };
		A1B2C3D4E5F6789012345616 /* QuickUpdateView.swift */ = {isa = PBXFileReference; lastKnownFileType = sourcecode.swift; path = QuickUpdateView.swift; sourceTree = "<group>"; };
		A1B2C3D4E5F6789012345617 /* StatisticsComponents.swift */ = {isa = PBXFileReference; lastKnownFileType = sourcecode.swift; path = StatisticsComponents.swift; sourceTree = "<group>"; };
		A1B2C3D4E5F6789012345618 /* SettingsViewModel.swift */ = {isa = PBXFileReference; lastKnownFileType = sourcecode.swift; path = SettingsViewModel.swift; sourceTree = "<group>"; };
		A1B2C3D4E5F6789012345619 /* SettingsComponents.swift */ = {isa = PBXFileReference; lastKnownFileType = sourcecode.swift; path = SettingsComponents.swift; sourceTree = "<group>"; };
		A1B2C3D4E5F6789012345621 /* StatisticsViewModel.swift */ = {isa = PBXFileReference; lastKnownFileType = sourcecode.swift; path = StatisticsViewModel.swift; sourceTree = "<group>"; };
		A1B2C3D4E5F6789012345623 /* BottleListViewModel.swift */ = {isa = PBXFileReference; lastKnownFileType = sourcecode.swift; path = BottleListViewModel.swift; sourceTree = "<group>"; };
		B1B2C3D4E5F6789012345631 /* BottleKeeperTests.swift */ = {isa = PBXFileReference; lastKnownFileType = sourcecode.swift; path = BottleKeeperTests.swift; sourceTree = "<group>"; };
		B1B2C3D4E5F6789012345633 /* DrinkingLogServiceTests.swift */ = {isa = PBXFileReference; lastKnownFileType = sourcecode.swift; path = DrinkingLogServiceTests.swift; sourceTree = "<group>"; };
		B1B2C3D4E5F6789012345635 /* StatisticsViewModelTests.swift */ = {isa = PBXFileReference; lastKnownFileType = sourcecode.swift; path = StatisticsViewModelTests.swift; sourceTree = "<group>"; };
		B1B2C3D4E5F6789012345671 /* BottleListViewModelTests.swift */ = {isa = PBXFileReference; lastKnownFileType = sourcecode.swift; path = BottleListViewModelTests.swift; sourceTree = "<group>"; };
		B1B2C3D4E5F6789012345673 /* SettingsViewModelTests.swift */ = {isa = PBXFileReference; lastKnownFileType = sourcecode.swift; path = SettingsViewModelTests.swift; sourceTree = "<group>"; };
		B1B2C3D4E5F6789012345640 /* BottleKeeperTests.xctest */ = {isa = PBXFileReference; explicitFileType = wrapper.cfbundle; includeInIndex = 0; path = BottleKeeperTests.xctest; sourceTree = BUILT_PRODUCTS_DIR; };
/* End PBXFileReference section */

/* Begin PBXFrameworksBuildPhase section */
		8D1F4A252C9E5B4300A1B2C3 /* Frameworks */ = {
			isa = PBXFrameworksBuildPhase;
			buildActionMask = 2147483647;
			files = (
			);
			runOnlyForDeploymentPostprocessing = 0;
		};
		B1B2C3D4E5F6789012345641 /* Frameworks */ = {
			isa = PBXFrameworksBuildPhase;
			buildActionMask = 2147483647;
			files = (
			);
			runOnlyForDeploymentPostprocessing = 0;
		};
/* End PBXFrameworksBuildPhase section */

/* Begin PBXGroup section */
		8D1F4A1F2C9E5B4300A1B2C3 = {
			isa = PBXGroup;
			children = (
				8D1F4A2A2C9E5B4300A1B2C3 /* BottleKeeper */,
				B1B2C3D4E5F6789012345642 /* BottleKeeperTests */,
				8D1F4A292C9E5B4300A1B2C3 /* Products */,
			);
			sourceTree = "<group>";
		};
		8D1F4A292C9E5B4300A1B2C3 /* Products */ = {
			isa = PBXGroup;
			children = (
				8D1F4A282C9E5B4300A1B2C3 /* BottleKeeper.app */,
				B1B2C3D4E5F6789012345640 /* BottleKeeperTests.xctest */,
			);
			name = Products;
			sourceTree = "<group>";
		};
		B1B2C3D4E5F6789012345642 /* BottleKeeperTests */ = {
			isa = PBXGroup;
			children = (
				B1B2C3D4E5F6789012345631 /* BottleKeeperTests.swift */,
				B1B2C3D4E5F6789012345633 /* DrinkingLogServiceTests.swift */,
				B1B2C3D4E5F6789012345635 /* StatisticsViewModelTests.swift */,
				B1B2C3D4E5F6789012345671 /* BottleListViewModelTests.swift */,
				B1B2C3D4E5F6789012345673 /* SettingsViewModelTests.swift */,
			);
			path = BottleKeeperTests;
			sourceTree = "<group>";
		};
		8D1F4A2A2C9E5B4300A1B2C3 /* BottleKeeper */ = {
			isa = PBXGroup;
			children = (
				1F1FB2489F7447F1B6EB9883 /* Helpers */,
				8D1F4A442C9E5B8000A1B2C3 /* App */,
				8D1F4A452C9E5B8500A1B2C3 /* Views */,
				8D1F4A462C9E5B8A00A1B2C3 /* ViewModels */,
				8D1F4A472C9E5B8F00A1B2C3 /* Models */,
								09C49D37B931497BB6A5C99D /* Components */,
				3A146A3383CD497295249D97 /* Utilities */,
				8D1F4A482C9E5B9400A1B2C3 /* Services */,
				8D1F4A492C9E5B9900A1B2C3 /* Repositories */,
				8D1F4A2F2C9E5B4400A1B2C3 /* Assets.xcassets */,
				8D1F4A3C2C9E5B7000A1B2C3 /* BottleKeeper.xcdatamodeld */,
				8D1F4A632C9E5CD000A1B2C3 /* Info.plist */,
				8D1F4A312C9E5B4400A1B2C3 /* Preview Content */,
			);
			path = BottleKeeper;
			sourceTree = "<group>";
		};
		8D1F4A312C9E5B4400A1B2C3 /* Preview Content */ = {
			isa = PBXGroup;
			children = (
				8D1F4A322C9E5B4400A1B2C3 /* Preview Assets.xcassets */,
			);
			path = "Preview Content";
			sourceTree = "<group>";
		};
		8D1F4A442C9E5B8000A1B2C3 /* App */ = {
			isa = PBXGroup;
			children = (
				8D1F4A2B2C9E5B4300A1B2C3 /* BottleKeeperApp.swift */,
			);
			path = App;
			sourceTree = "<group>";
		};
		8D1F4A452C9E5B8500A1B2C3 /* Views */ = {
			isa = PBXGroup;
			children = (
				8D1F4A2D2C9E5B4300A1B2C3 /* ContentView.swift */,
				8D1F4A492C9E5C0000A1B2C3 /* BottleListView.swift */,
				8D1F4A4B2C9E5C1000A1B2C3 /* BottleDetailView.swift */,
				8D1F4A4D2C9E5C2000A1B2C3 /* BottleFormView.swift */,
				8D1F4A4F2C9E5C3000A1B2C3 /* WishlistView.swift */,
				E5A85421238E45C5933ED516 /* WishlistFormView.swift */,
				8D1F4A512C9E5C4000A1B2C3 /* StatisticsView.swift */,
				8D1F4A532C9E5C5000A1B2C3 /* SettingsView.swift */,
				8D1F4A552C9E5C6000A1B2C3 /* RemainingVolumeUpdateView.swift */,
				D4E6937648A847AFA2E8101D9B712AA7 /* DrinkingLogFormView.swift */,
				06ED3AE94669412C9716E9609F71A09F /* ImagePicker.swift */,
				EAD8DD6C9BAF4460B4F66478 /* TastingNoteFormView.swift */,
				ACE32BE46B6449E6AAA3101E /* NotificationSettingsView.swift */,
				A1B2C3D4E5F6789012345614 /* BottleShapes.swift */,
				A1B2C3D4E5F6789012345615 /* BottleRowView.swift */,
				A1B2C3D4E5F6789012345616 /* QuickUpdateView.swift */,
				A1B2C3D4E5F6789012345617 /* StatisticsComponents.swift */,
				A1B2C3D4E5F6789012345619 /* SettingsComponents.swift */,
			);
			path = Views;
			sourceTree = "<group>";
		};
		8D1F4A462C9E5B8A00A1B2C3 /* ViewModels */ = {
			isa = PBXGroup;
			children = (
				A1B2C3D4E5F6789012345618 /* SettingsViewModel.swift */,
				A1B2C3D4E5F6789012345621 /* StatisticsViewModel.swift */,
				A1B2C3D4E5F6789012345623 /* BottleListViewModel.swift */,
			);
			path = ViewModels;
			sourceTree = "<group>";
		};
		8D1F4A472C9E5B8F00A1B2C3 /* Models */ = {
			isa = PBXGroup;
			children = (
				8D1F4A572C9E5C7000A1B2C3 /* Bottle+CoreDataClass.swift */,
				8D1F4A592C9E5C8000A1B2C3 /* Bottle+CoreDataProperties.swift */,
				8D1F4A5B2C9E5C9000A1B2C3 /* BottlePhoto+CoreDataClass.swift */,
				8D1F4A5D2C9E5CA000A1B2C3 /* BottlePhoto+CoreDataProperties.swift */,
				D1059BDF4E3E44FEA667549B441394C5 /* DrinkingLog+CoreDataClass.swift */,
				1A612FE11DBB4DFAB0253B89307CB65A /* DrinkingLog+CoreDataProperties.swift */,
				8D1F4A5F2C9E5CB000A1B2C3 /* WishlistItem+CoreDataClass.swift */,
				8D1F4A612C9E5CC000A1B2C3 /* WishlistItem+CoreDataProperties.swift */,
			);
			path = Models;
			sourceTree = "<group>";
		};
		8D1F4A482C9E5B9400A1B2C3 /* Services */ = {
			isa = PBXGroup;
			children = (
				8D1F4A3A2C9E5B6000A1B2C3 /* CoreDataManager.swift */,
				CAF1156F3D16406EAE6E3F48FFB47AE9 /* MotionManager.swift */,
				4AE924202E254E3F855380397BE0ACDD /* PhotoManager.swift */,
				5F4720B123464CF38839432E /* ImageCache.swift */,
				7999F94528DB4234BD633DF4 /* NotificationManager.swift */,
				A1B2C3D4E5F6789012345612 /* DrinkingLogService.swift */,
			);
			path = Services;
			sourceTree = "<group>";
		};
		8D1F4A492C9E5B9900A1B2C3 /* Repositories */ = {
			isa = PBXGroup;
			children = (
			);
			path = Repositories;
			sourceTree = "<group>";
		};
		09C49D37B931497BB6A5C99D /* Components */ = {
			isa = PBXGroup;
			children = (
				CFC252B6D3014A29855FADC4 /* StarRatingView.swift */,
			);
			path = Components;
			sourceTree = "<group>";
		};
		3A146A3383CD497295249D97 /* Utilities */ = {
			isa = PBXGroup;
			children = (
				DCC082850CD34DBA9A6347DB /* AppColors.swift */,
				E48E2D5D3CA8418C818D2AFE /* UserDefaultsKeys.swift */,
				A1B2C3D4E5F6789012345611 /* UserDefaults+App.swift */,
			);
			path = Utilities;
			sourceTree = "<group>";
		};
		1F1FB2489F7447F1B6EB9883 /* Helpers */ = {
			isa = PBXGroup;
			children = (
				D5285EC9B6D4419793D736CF /* ViewExtensions+Glass.swift */,
				A1B2C3D4E5F6789012345613 /* Filterable.swift */,
			);
			path = Helpers;
			sourceTree = "<group>";
		};
/* End PBXGroup section */

/* Begin PBXNativeTarget section */
		8D1F4A272C9E5B4300A1B2C3 /* BottleKeeper */ = {
			isa = PBXNativeTarget;
			buildConfigurationList = 8D1F4A362C9E5B4400A1B2C3 /* Build configuration list for PBXNativeTarget "BottleKeeper" */;
			buildPhases = (
				8D1F4A242C9E5B4300A1B2C3 /* Sources */,
				8D1F4A252C9E5B4300A1B2C3 /* Frameworks */,
				8D1F4A262C9E5B4300A1B2C3 /* Resources */,
			);
			buildRules = (
			);
			dependencies = (
			);
			name = BottleKeeper;
			productName = BottleKeeper;
			productReference = 8D1F4A282C9E5B4300A1B2C3 /* BottleKeeper.app */;
			productType = "com.apple.product-type.application";
		};
		B1B2C3D4E5F6789012345643 /* BottleKeeperTests */ = {
			isa = PBXNativeTarget;
			buildConfigurationList = B1B2C3D4E5F6789012345660 /* Build configuration list for PBXNativeTarget "BottleKeeperTests" */;
			buildPhases = (
				B1B2C3D4E5F6789012345644 /* Sources */,
				B1B2C3D4E5F6789012345641 /* Frameworks */,
				B1B2C3D4E5F6789012345645 /* Resources */,
			);
			buildRules = (
			);
			dependencies = (
				B1B2C3D4E5F6789012345651 /* PBXTargetDependency */,
			);
			name = BottleKeeperTests;
			productName = BottleKeeperTests;
			productReference = B1B2C3D4E5F6789012345640 /* BottleKeeperTests.xctest */;
			productType = "com.apple.product-type.bundle.unit-test";
		};
/* End PBXNativeTarget section */

/* Begin PBXTargetDependency section */
		B1B2C3D4E5F6789012345651 /* PBXTargetDependency */ = {
			isa = PBXTargetDependency;
			target = 8D1F4A272C9E5B4300A1B2C3 /* BottleKeeper */;
			targetProxy = B1B2C3D4E5F6789012345650 /* PBXContainerItemProxy */;
		};
/* End PBXTargetDependency section */

/* Begin PBXProject section */
		8D1F4A202C9E5B4300A1B2C3 /* Project object */ = {
			isa = PBXProject;
			attributes = {
				BuildIndependentTargetsInParallel = 1;
				LastSwiftUpdateCheck = 1540;
				LastUpgradeCheck = 1540;
				TargetAttributes = {
					8D1F4A272C9E5B4300A1B2C3 = {
						CreatedOnToolsVersion = 15.4;
					};
				};
			};
			buildConfigurationList = 8D1F4A232C9E5B4300A1B2C3 /* Build configuration list for PBXProject "BottleKeeper" */;
			compatibilityVersion = "Xcode 14.0";
			developmentRegion = en;
			hasScannedForEncodings = 0;
			knownRegions = (
				en,
				Base,
			);
			mainGroup = 8D1F4A1F2C9E5B4300A1B2C3;
			productRefGroup = 8D1F4A292C9E5B4300A1B2C3 /* Products */;
			projectDirPath = "";
			projectRoot = "";
			targets = (
				8D1F4A272C9E5B4300A1B2C3 /* BottleKeeper */,
				B1B2C3D4E5F6789012345643 /* BottleKeeperTests */,
			);
		};
/* End PBXProject section */

/* Begin PBXResourcesBuildPhase section */
		8D1F4A262C9E5B4300A1B2C3 /* Resources */ = {
			isa = PBXResourcesBuildPhase;
			buildActionMask = 2147483647;
			files = (
				8D1F4A332C9E5B4400A1B2C3 /* Preview Assets.xcassets in Resources */,
				8D1F4A302C9E5B4400A1B2C3 /* Assets.xcassets in Resources */,
			);
			runOnlyForDeploymentPostprocessing = 0;
		};
		B1B2C3D4E5F6789012345645 /* Resources */ = {
			isa = PBXResourcesBuildPhase;
			buildActionMask = 2147483647;
			files = (
			);
			runOnlyForDeploymentPostprocessing = 0;
		};
/* End PBXResourcesBuildPhase section */

/* Begin PBXSourcesBuildPhase section */
		8D1F4A242C9E5B4300A1B2C3 /* Sources */ = {
			isa = PBXSourcesBuildPhase;
			buildActionMask = 2147483647;
			files = (
				57EC6182BF8A46E6A2B4B57F /* ViewExtensions+Glass.swift in Sources */,
				8D1F4A2E2C9E5B4300A1B2C3 /* ContentView.swift in Sources */,
				8D1F4A3B2C9E5B6000A1B2C3 /* CoreDataManager.swift in Sources */,
				8D1F4A3E2C9E5B7000A1B2C3 /* BottleKeeper.xcdatamodeld in Sources */,
				8D1F4A2C2C9E5B4300A1B2C3 /* BottleKeeperApp.swift in Sources */,
				8D1F4A4A2C9E5C0000A1B2C3 /* BottleListView.swift in Sources */,
				8D1F4A4C2C9E5C1000A1B2C3 /* BottleDetailView.swift in Sources */,
				8D1F4A4E2C9E5C2000A1B2C3 /* BottleFormView.swift in Sources */,
				8D1F4A502C9E5C3000A1B2C3 /* WishlistView.swift in Sources */,
				C1AE8AA2C6724DE7BC90072E /* WishlistFormView.swift in Sources */,
				8D1F4A522C9E5C4000A1B2C3 /* StatisticsView.swift in Sources */,
				8D1F4A542C9E5C5000A1B2C3 /* SettingsView.swift in Sources */,
				8D1F4A562C9E5C6000A1B2C3 /* RemainingVolumeUpdateView.swift in Sources */,
				8D1F4A582C9E5C7000A1B2C3 /* Bottle+CoreDataClass.swift in Sources */,
				8D1F4A5A2C9E5C8000A1B2C3 /* Bottle+CoreDataProperties.swift in Sources */,
				8D1F4A5C2C9E5C9000A1B2C3 /* BottlePhoto+CoreDataClass.swift in Sources */,
				8D1F4A5E2C9E5CA000A1B2C3 /* BottlePhoto+CoreDataProperties.swift in Sources */,
				33D46C7849EC49A6BA9E00050FDC678F /* DrinkingLog+CoreDataClass.swift in Sources */,
				3ABAC80EE96C4C6B918CC803E623CB3E /* DrinkingLog+CoreDataProperties.swift in Sources */,
				8D1F4A602C9E5CB000A1B2C3 /* WishlistItem+CoreDataClass.swift in Sources */,
				8D1F4A622C9E5CC000A1B2C3 /* WishlistItem+CoreDataProperties.swift in Sources */,
				77ACCD648CB14F19AC14AD23D3DF6EEE /* MotionManager.swift in Sources */,
				C319342AFC214307842C30CC6F794CCC /* PhotoManager.swift in Sources */,
				54F9416C40AA45AA91E48D13528D1BC4 /* ImagePicker.swift in Sources */,
				17112F4BB5204B9193BF6DD65154D717 /* DrinkingLogFormView.swift in Sources */,
				BB1321E444A44307BEAA116F /* ImageCache.swift in Sources */,
				A06EA9C7D342493180ADB50B /* NotificationManager.swift in Sources */,
				8A8B9E47D5794E3A9104E1B4 /* TastingNoteFormView.swift in Sources */,
				458B58D28F21421B98B68649 /* NotificationSettingsView.swift in Sources */,
				4AA0979B03BC46A68B34B8FF /* StarRatingView.swift in Sources */,
				5DB82EC2C13B40C29E66948C /* AppColors.swift in Sources */,
				1033A19CF2C348F593A2030B /* UserDefaultsKeys.swift in Sources */,
				A1B2C3D4E5F6789012345601 /* UserDefaults+App.swift in Sources */,
				A1B2C3D4E5F6789012345602 /* DrinkingLogService.swift in Sources */,
				A1B2C3D4E5F6789012345603 /* Filterable.swift in Sources */,
				A1B2C3D4E5F6789012345604 /* BottleShapes.swift in Sources */,
				A1B2C3D4E5F6789012345605 /* BottleRowView.swift in Sources */,
				A1B2C3D4E5F6789012345606 /* QuickUpdateView.swift in Sources */,
				A1B2C3D4E5F6789012345607 /* StatisticsComponents.swift in Sources */,
				A1B2C3D4E5F6789012345608 /* SettingsViewModel.swift in Sources */,
				A1B2C3D4E5F6789012345609 /* SettingsComponents.swift in Sources */,
				A1B2C3D4E5F6789012345620 /* StatisticsViewModel.swift in Sources */,
				A1B2C3D4E5F6789012345622 /* BottleListViewModel.swift in Sources */,
			);
			runOnlyForDeploymentPostprocessing = 0;
		};
		B1B2C3D4E5F6789012345644 /* Sources */ = {
			isa = PBXSourcesBuildPhase;
			buildActionMask = 2147483647;
			files = (
				B1B2C3D4E5F6789012345630 /* BottleKeeperTests.swift in Sources */,
				B1B2C3D4E5F6789012345632 /* DrinkingLogServiceTests.swift in Sources */,
				B1B2C3D4E5F6789012345634 /* StatisticsViewModelTests.swift in Sources */,
				B1B2C3D4E5F6789012345670 /* BottleListViewModelTests.swift in Sources */,
				B1B2C3D4E5F6789012345672 /* SettingsViewModelTests.swift in Sources */,
			);
			runOnlyForDeploymentPostprocessing = 0;
		};
/* End PBXSourcesBuildPhase section */

/* Begin XCBuildConfiguration section */
		8D1F4A342C9E5B4400A1B2C3 /* Debug */ = {
			isa = XCBuildConfiguration;
			buildSettings = {
				ALWAYS_SEARCH_USER_PATHS = NO;
				ASSETCATALOG_COMPILER_GENERATE_SWIFT_ASSET_SYMBOL_EXTENSIONS = YES;
				CLANG_ANALYZER_NONNULL = YES;
				CLANG_ANALYZER_NUMBER_OBJECT_CONVERSION = YES_AGGRESSIVE;
				CLANG_CXX_LANGUAGE_STANDARD = "gnu++20";
				CLANG_ENABLE_MODULES = YES;
				CLANG_ENABLE_OBJC_ARC = YES;
				CLANG_ENABLE_OBJC_WEAK = YES;
				CLANG_WARN_BLOCK_CAPTURE_AUTORELEASING = YES;
				CLANG_WARN_BOOL_CONVERSION = YES;
				CLANG_WARN_COMMA = YES;
				CLANG_WARN_CONSTANT_CONVERSION = YES;
				CLANG_WARN_DEPRECATED_OBJC_IMPLEMENTATIONS = YES;
				CLANG_WARN_DIRECT_OBJC_ISA_USAGE = YES_ERROR;
				CLANG_WARN_DOCUMENTATION_COMMENTS = YES;
				CLANG_WARN_EMPTY_BODY = YES;
				CLANG_WARN_ENUM_CONVERSION = YES;
				CLANG_WARN_INFINITE_RECURSION = YES;
				CLANG_WARN_INT_CONVERSION = YES;
				CLANG_WARN_NON_LITERAL_NULL_CONVERSION = YES;
				CLANG_WARN_OBJC_IMPLICIT_RETAIN_SELF = YES;
				CLANG_WARN_OBJC_LITERAL_CONVERSION = YES;
				CLANG_WARN_OBJC_ROOT_CLASS = YES_ERROR;
				CLANG_WARN_QUOTED_INCLUDE_IN_FRAMEWORK_HEADER = YES;
				CLANG_WARN_RANGE_LOOP_ANALYSIS = YES;
				CLANG_WARN_STRICT_PROTOTYPES = YES;
				CLANG_WARN_SUSPICIOUS_MOVE = YES;
				CLANG_WARN_UNGUARDED_AVAILABILITY = YES_AGGRESSIVE;
				CLANG_WARN_UNREACHABLE_CODE = YES;
				CLANG_WARN__DUPLICATE_METHOD_MATCH = YES;
				COPY_PHASE_STRIP = NO;
				DEBUG_INFORMATION_FORMAT = dwarf;
				ENABLE_STRICT_OBJC_MSGSEND = YES;
				ENABLE_TESTABILITY = YES;
				ENABLE_USER_SCRIPT_SANDBOXING = YES;
				GCC_C_LANGUAGE_STANDARD = gnu17;
				GCC_DYNAMIC_NO_PIC = NO;
				GCC_NO_COMMON_BLOCKS = YES;
				GCC_OPTIMIZATION_LEVEL = 0;
				GCC_PREPROCESSOR_DEFINITIONS = (
					"DEBUG=1",
					"$(inherited)",
				);
				GCC_WARN_64_TO_32_BIT_CONVERSION = YES;
				GCC_WARN_ABOUT_RETURN_TYPE = YES_ERROR;
				GCC_WARN_UNDECLARED_SELECTOR = YES;
				GCC_WARN_UNINITIALIZED_AUTOS = YES_AGGRESSIVE;
				GCC_WARN_UNUSED_FUNCTION = YES;
				GCC_WARN_UNUSED_VARIABLE = YES;
				IPHONEOS_DEPLOYMENT_TARGET = 18.0;
				LOCALIZATION_PREFERS_STRING_CATALOGS = YES;
				MTL_ENABLE_DEBUG_INFO = INCLUDE_SOURCE;
				MTL_FAST_MATH = YES;
				ONLY_ACTIVE_ARCH = YES;
				SDKROOT = iphoneos;
				SWIFT_ACTIVE_COMPILATION_CONDITIONS = "DEBUG $(inherited)";
				SWIFT_OPTIMIZATION_LEVEL = "-Onone";
			};
			name = Debug;
		};
		8D1F4A352C9E5B4400A1B2C3 /* Release */ = {
			isa = XCBuildConfiguration;
			buildSettings = {
				ALWAYS_SEARCH_USER_PATHS = NO;
				ASSETCATALOG_COMPILER_GENERATE_SWIFT_ASSET_SYMBOL_EXTENSIONS = YES;
				CLANG_ANALYZER_NONNULL = YES;
				CLANG_ANALYZER_NUMBER_OBJECT_CONVERSION = YES_AGGRESSIVE;
				CLANG_CXX_LANGUAGE_STANDARD = "gnu++20";
				CLANG_ENABLE_MODULES = YES;
				CLANG_ENABLE_OBJC_ARC = YES;
				CLANG_ENABLE_OBJC_WEAK = YES;
				CLANG_WARN_BLOCK_CAPTURE_AUTORELEASING = YES;
				CLANG_WARN_BOOL_CONVERSION = YES;
				CLANG_WARN_COMMA = YES;
				CLANG_WARN_CONSTANT_CONVERSION = YES;
				CLANG_WARN_DEPRECATED_OBJC_IMPLEMENTATIONS = YES;
				CLANG_WARN_DIRECT_OBJC_ISA_USAGE = YES_ERROR;
				CLANG_WARN_DOCUMENTATION_COMMENTS = YES;
				CLANG_WARN_EMPTY_BODY = YES;
				CLANG_WARN_ENUM_CONVERSION = YES;
				CLANG_WARN_INFINITE_RECURSION = YES;
				CLANG_WARN_INT_CONVERSION = YES;
				CLANG_WARN_NON_LITERAL_NULL_CONVERSION = YES;
				CLANG_WARN_OBJC_IMPLICIT_RETAIN_SELF = YES;
				CLANG_WARN_OBJC_LITERAL_CONVERSION = YES;
				CLANG_WARN_OBJC_ROOT_CLASS = YES_ERROR;
				CLANG_WARN_QUOTED_INCLUDE_IN_FRAMEWORK_HEADER = YES;
				CLANG_WARN_RANGE_LOOP_ANALYSIS = YES;
				CLANG_WARN_STRICT_PROTOTYPES = YES;
				CLANG_WARN_SUSPICIOUS_MOVE = YES;
				CLANG_WARN_UNGUARDED_AVAILABILITY = YES_AGGRESSIVE;
				CLANG_WARN_UNREACHABLE_CODE = YES;
				CLANG_WARN__DUPLICATE_METHOD_MATCH = YES;
				COPY_PHASE_STRIP = NO;
				DEBUG_INFORMATION_FORMAT = "dwarf-with-dsym";
				ENABLE_NS_ASSERTIONS = NO;
				ENABLE_STRICT_OBJC_MSGSEND = YES;
				ENABLE_USER_SCRIPT_SANDBOXING = YES;
				GCC_C_LANGUAGE_STANDARD = gnu17;
				GCC_NO_COMMON_BLOCKS = YES;
				GCC_WARN_64_TO_32_BIT_CONVERSION = YES;
				GCC_WARN_ABOUT_RETURN_TYPE = YES_ERROR;
				GCC_WARN_UNDECLARED_SELECTOR = YES;
				GCC_WARN_UNINITIALIZED_AUTOS = YES_AGGRESSIVE;
				GCC_WARN_UNUSED_FUNCTION = YES;
				GCC_WARN_UNUSED_VARIABLE = YES;
				IPHONEOS_DEPLOYMENT_TARGET = 18.0;
				LOCALIZATION_PREFERS_STRING_CATALOGS = YES;
				MTL_ENABLE_DEBUG_INFO = NO;
				MTL_FAST_MATH = YES;
				SDKROOT = iphoneos;
				SWIFT_COMPILATION_MODE = wholemodule;
				VALIDATE_PRODUCT = YES;
			};
			name = Release;
		};
		8D1F4A372C9E5B4400A1B2C3 /* Debug */ = {
			isa = XCBuildConfiguration;
			buildSettings = {
				ASSETCATALOG_COMPILER_APPICON_NAME = AppIcon;
				ASSETCATALOG_COMPILER_GLOBAL_ACCENT_COLOR_NAME = AccentColor;
				CODE_SIGN_ENTITLEMENTS = BottleKeeper/BottleKeeper.entitlements;
				CODE_SIGN_IDENTITY = "Apple Development";
				CODE_SIGN_STYLE = Manual;
				CURRENT_PROJECT_VERSION = 1;
				DEVELOPMENT_ASSET_PATHS = "\"BottleKeeper/Preview Content\"";
				DEVELOPMENT_TEAM = B3QHWZX47Z;
				ENABLE_PREVIEWS = YES;
				GENERATE_INFOPLIST_FILE = YES;
				INFOPLIST_KEY_UIApplicationSceneManifest_Generation = YES;
				INFOPLIST_KEY_UIApplicationSupportsIndirectInputEvents = YES;
				INFOPLIST_KEY_UILaunchScreen_Generation = YES;
				INFOPLIST_KEY_UISupportedInterfaceOrientations = "UIInterfaceOrientationLandscapeLeft UIInterfaceOrientationLandscapeRight UIInterfaceOrientationPortrait";
				INFOPLIST_KEY_UISupportedInterfaceOrientations_iPad = "UIInterfaceOrientationLandscapeLeft UIInterfaceOrientationLandscapeRight UIInterfaceOrientationPortrait UIInterfaceOrientationPortraitUpsideDown";
				IPHONEOS_DEPLOYMENT_TARGET = 18.0;
				LD_RUNPATH_SEARCH_PATHS = (
					"$(inherited)",
					"@executable_path/Frameworks",
				);
				MARKETING_VERSION = 1.0;
				PRODUCT_BUNDLE_IDENTIFIER = com.bottlekeep.whiskey;
				PRODUCT_NAME = "$(TARGET_NAME)";
				SUPPORTED_PLATFORMS = "iphoneos iphonesimulator";
				SUPPORTS_MACCATALYST = NO;
				SUPPORTS_MAC_DESIGNED_FOR_IPHONE_IPAD = NO;
				SWIFT_EMIT_LOC_STRINGS = YES;
				SWIFT_VERSION = 5.0;
				TARGETED_DEVICE_FAMILY = "1,2";
			};
			name = Debug;
		};
		8D1F4A382C9E5B4400A1B2C3 /* Release */ = {
			isa = XCBuildConfiguration;
			buildSettings = {
				ASSETCATALOG_COMPILER_APPICON_NAME = AppIcon;
				ASSETCATALOG_COMPILER_GLOBAL_ACCENT_COLOR_NAME = AccentColor;
				CODE_SIGN_ENTITLEMENTS = BottleKeeper/BottleKeeper.entitlements;
				CODE_SIGN_IDENTITY = "Apple Distribution";
				CODE_SIGN_STYLE = Manual;
				CURRENT_PROJECT_VERSION = 1;
				DEVELOPMENT_ASSET_PATHS = "\"BottleKeeper/Preview Content\"";
				DEVELOPMENT_TEAM = B3QHWZX47Z;
				"PROVISIONING_PROFILE_SPECIFIER[sdk=iphoneos*]" = "BottleKeep Distribution";
				ENABLE_PREVIEWS = YES;
				GENERATE_INFOPLIST_FILE = YES;
				INFOPLIST_KEY_UIApplicationSceneManifest_Generation = YES;
				INFOPLIST_KEY_UIApplicationSupportsIndirectInputEvents = YES;
				INFOPLIST_KEY_UILaunchScreen_Generation = YES;
				INFOPLIST_KEY_UISupportedInterfaceOrientations = "UIInterfaceOrientationLandscapeLeft UIInterfaceOrientationLandscapeRight UIInterfaceOrientationPortrait";
				INFOPLIST_KEY_UISupportedInterfaceOrientations_iPad = "UIInterfaceOrientationLandscapeLeft UIInterfaceOrientationLandscapeRight UIInterfaceOrientationPortrait UIInterfaceOrientationPortraitUpsideDown";
				IPHONEOS_DEPLOYMENT_TARGET = 18.0;
				LD_RUNPATH_SEARCH_PATHS = (
					"$(inherited)",
					"@executable_path/Frameworks",
				);
				MARKETING_VERSION = 1.0;
				PRODUCT_BUNDLE_IDENTIFIER = com.bottlekeep.whiskey;
				PRODUCT_NAME = "$(TARGET_NAME)";
				SUPPORTED_PLATFORMS = "iphoneos iphonesimulator";
				SUPPORTS_MACCATALYST = NO;
				SUPPORTS_MAC_DESIGNED_FOR_IPHONE_IPAD = NO;
				SWIFT_EMIT_LOC_STRINGS = YES;
				SWIFT_VERSION = 5.0;
				TARGETED_DEVICE_FAMILY = "1,2";
			};
			name = Release;
		};
		B1B2C3D4E5F6789012345661 /* Debug */ = {
			isa = XCBuildConfiguration;
			buildSettings = {
				BUNDLE_LOADER = "$(TEST_HOST)";
				CODE_SIGN_STYLE = Automatic;
				CURRENT_PROJECT_VERSION = 1;
				DEVELOPMENT_TEAM = B3QHWZX47Z;
				GENERATE_INFOPLIST_FILE = YES;
				IPHONEOS_DEPLOYMENT_TARGET = 18.0;
				MARKETING_VERSION = 1.0;
				PRODUCT_BUNDLE_IDENTIFIER = com.bottlekeep.whiskey.tests;
				PRODUCT_NAME = "$(TARGET_NAME)";
				SWIFT_EMIT_LOC_STRINGS = NO;
				SWIFT_VERSION = 5.0;
				TARGETED_DEVICE_FAMILY = "1,2";
				TEST_HOST = "$(BUILT_PRODUCTS_DIR)/BottleKeeper.app/$(BUNDLE_EXECUTABLE_FOLDER_PATH)/BottleKeeper";
			};
			name = Debug;
		};
		B1B2C3D4E5F6789012345662 /* Release */ = {
			isa = XCBuildConfiguration;
			buildSettings = {
				BUNDLE_LOADER = "$(TEST_HOST)";
				CODE_SIGN_STYLE = Automatic;
				CURRENT_PROJECT_VERSION = 1;
				DEVELOPMENT_TEAM = B3QHWZX47Z;
				GENERATE_INFOPLIST_FILE = YES;
				IPHONEOS_DEPLOYMENT_TARGET = 18.0;
				MARKETING_VERSION = 1.0;
				PRODUCT_BUNDLE_IDENTIFIER = com.bottlekeep.whiskey.tests;
				PRODUCT_NAME = "$(TARGET_NAME)";
				SWIFT_EMIT_LOC_STRINGS = NO;
				SWIFT_VERSION = 5.0;
				TARGETED_DEVICE_FAMILY = "1,2";
				TEST_HOST = "$(BUILT_PRODUCTS_DIR)/BottleKeeper.app/$(BUNDLE_EXECUTABLE_FOLDER_PATH)/BottleKeeper";
			};
			name = Release;
		};
/* End XCBuildConfiguration section */

/* Begin XCConfigurationList section */
		8D1F4A232C9E5B4300A1B2C3 /* Build configuration list for PBXProject "BottleKeeper" */ = {
			isa = XCConfigurationList;
			buildConfigurations = (
				8D1F4A342C9E5B4400A1B2C3 /* Debug */,
				8D1F4A352C9E5B4400A1B2C3 /* Release */,
			);
			defaultConfigurationIsVisible = 0;
			defaultConfigurationName = Release;
		};
		8D1F4A362C9E5B4400A1B2C3 /* Build configuration list for PBXNativeTarget "BottleKeeper" */ = {
			isa = XCConfigurationList;
			buildConfigurations = (
				8D1F4A372C9E5B4400A1B2C3 /* Debug */,
				8D1F4A382C9E5B4400A1B2C3 /* Release */,
			);
			defaultConfigurationIsVisible = 0;
			defaultConfigurationName = Release;
		};
		B1B2C3D4E5F6789012345660 /* Build configuration list for PBXNativeTarget "BottleKeeperTests" */ = {
			isa = XCConfigurationList;
			buildConfigurations = (
				B1B2C3D4E5F6789012345661 /* Debug */,
				B1B2C3D4E5F6789012345662 /* Release */,
			);
			defaultConfigurationIsVisible = 0;
			defaultConfigurationName = Release;
		};
/* End XCConfigurationList section */

/* Begin XCVersionGroup section */
		8D1F4A3C2C9E5B7000A1B2C3 /* BottleKeeper.xcdatamodeld */ = {
			isa = XCVersionGroup;
			children = (
				8D1F4A3D2C9E5B7000A1B2C3 /* BottleKeeper.xcdatamodel */,
			);
			currentVersion = 8D1F4A3D2C9E5B7000A1B2C3 /* BottleKeeper.xcdatamodel */;
			path = BottleKeeper.xcdatamodeld;
			sourceTree = "<group>";
			versionGroupType = wrapper.xcdatamodel;
		};
/* End XCVersionGroup section */
	};
	rootObject = 8D1F4A202C9E5B4300A1B2C3 /* Project object */;
}